// !$*UTF8*$!
{
	archiveVersion = 1;
	classes = {
	};
	objectVersion = 50;
	objects = {

/* Begin PBXBuildFile section */
		CE167C70245DA9C60020352E /* Z1VC.swift in Sources */ = {isa = PBXBuildFile; fileRef = CE167C6F245DA9C60020352E /* Z1VC.swift */; };
		CE167C72245DB48E0020352E /* Z2VC.swift in Sources */ = {isa = PBXBuildFile; fileRef = CE167C71245DB48E0020352E /* Z2VC.swift */; };
		CE369182245D0AC100817546 /* AppDelegate.swift in Sources */ = {isa = PBXBuildFile; fileRef = CE369181245D0AC100817546 /* AppDelegate.swift */; };
		CE369184245D0AC100817546 /* SceneDelegate.swift in Sources */ = {isa = PBXBuildFile; fileRef = CE369183245D0AC100817546 /* SceneDelegate.swift */; };
		CE369186245D0AC100817546 /* S1VC.swift in Sources */ = {isa = PBXBuildFile; fileRef = CE369185245D0AC100817546 /* S1VC.swift */; };
		CE369189245D0AC200817546 /* Main.storyboard in Resources */ = {isa = PBXBuildFile; fileRef = CE369187245D0AC200817546 /* Main.storyboard */; };
		CE36918B245D0AC300817546 /* Assets.xcassets in Resources */ = {isa = PBXBuildFile; fileRef = CE36918A245D0AC300817546 /* Assets.xcassets */; };
		CE36918E245D0AC300817546 /* LaunchScreen.storyboard in Resources */ = {isa = PBXBuildFile; fileRef = CE36918C245D0AC300817546 /* LaunchScreen.storyboard */; };
		CE369196245D11BC00817546 /* S2VC.swift in Sources */ = {isa = PBXBuildFile; fileRef = CE369195245D11BC00817546 /* S2VC.swift */; };
/* End PBXBuildFile section */

/* Begin PBXFileReference section */
		CE167C6F245DA9C60020352E /* Z1VC.swift */ = {isa = PBXFileReference; lastKnownFileType = sourcecode.swift; path = Z1VC.swift; sourceTree = "<group>"; };
		CE167C71245DB48E0020352E /* Z2VC.swift */ = {isa = PBXFileReference; lastKnownFileType = sourcecode.swift; path = Z2VC.swift; sourceTree = "<group>"; };
		CE36917E245D0AC100817546 /* UIScrollView50220.app */ = {isa = PBXFileReference; explicitFileType = wrapper.application; includeInIndex = 0; path = UIScrollView50220.app; sourceTree = BUILT_PRODUCTS_DIR; };
		CE369181245D0AC100817546 /* AppDelegate.swift */ = {isa = PBXFileReference; lastKnownFileType = sourcecode.swift; path = AppDelegate.swift; sourceTree = "<group>"; };
		CE369183245D0AC100817546 /* SceneDelegate.swift */ = {isa = PBXFileReference; lastKnownFileType = sourcecode.swift; path = SceneDelegate.swift; sourceTree = "<group>"; };
		CE369185245D0AC100817546 /* S1VC.swift */ = {isa = PBXFileReference; lastKnownFileType = sourcecode.swift; path = S1VC.swift; sourceTree = "<group>"; };
		CE369188245D0AC200817546 /* Base */ = {isa = PBXFileReference; lastKnownFileType = file.storyboard; name = Base; path = Base.lproj/Main.storyboard; sourceTree = "<group>"; };
		CE36918A245D0AC300817546 /* Assets.xcassets */ = {isa = PBXFileReference; lastKnownFileType = folder.assetcatalog; path = Assets.xcassets; sourceTree = "<group>"; };
		CE36918D245D0AC300817546 /* Base */ = {isa = PBXFileReference; lastKnownFileType = file.storyboard; name = Base; path = Base.lproj/LaunchScreen.storyboard; sourceTree = "<group>"; };
		CE36918F245D0AC300817546 /* Info.plist */ = {isa = PBXFileReference; lastKnownFileType = text.plist.xml; path = Info.plist; sourceTree = "<group>"; };
		CE369195245D11BC00817546 /* S2VC.swift */ = {isa = PBXFileReference; lastKnownFileType = sourcecode.swift; path = S2VC.swift; sourceTree = "<group>"; };
/* End PBXFileReference section */

/* Begin PBXFrameworksBuildPhase section */
		CE36917B245D0AC100817546 /* Frameworks */ = {
			isa = PBXFrameworksBuildPhase;
			buildActionMask = 2147483647;
			files = (
			);
			runOnlyForDeploymentPostprocessing = 0;
		};
/* End PBXFrameworksBuildPhase section */

/* Begin PBXGroup section */
		CE369175245D0AC100817546 = {
			isa = PBXGroup;
			children = (
				CE369180245D0AC100817546 /* UIScrollView50220 */,
				CE36917F245D0AC100817546 /* Products */,
			);
			sourceTree = "<group>";
		};
		CE36917F245D0AC100817546 /* Products */ = {
			isa = PBXGroup;
			children = (
				CE36917E245D0AC100817546 /* UIScrollView50220.app */,
			);
			name = Products;
			sourceTree = "<group>";
		};
		CE369180245D0AC100817546 /* UIScrollView50220 */ = {
			isa = PBXGroup;
			children = (
				CE369197245D11F300817546 /* M */,
				CE369198245D11FA00817546 /* V */,
				CE369199245D120300817546 /* C */,
				CE369181245D0AC100817546 /* AppDelegate.swift */,
				CE369183245D0AC100817546 /* SceneDelegate.swift */,
				CE369187245D0AC200817546 /* Main.storyboard */,
				CE36918A245D0AC300817546 /* Assets.xcassets */,
				CE36918C245D0AC300817546 /* LaunchScreen.storyboard */,
				CE36918F245D0AC300817546 /* Info.plist */,
			);
			path = UIScrollView50220;
			sourceTree = "<group>";
		};
		CE369197245D11F300817546 /* M */ = {
			isa = PBXGroup;
			children = (
			);
			path = M;
			sourceTree = "<group>";
		};
		CE369198245D11FA00817546 /* V */ = {
			isa = PBXGroup;
			children = (
			);
			path = V;
			sourceTree = "<group>";
		};
		CE369199245D120300817546 /* C */ = {
			isa = PBXGroup;
			children = (
				CE369185245D0AC100817546 /* S1VC.swift */,
				CE369195245D11BC00817546 /* S2VC.swift */,
				CE167C6F245DA9C60020352E /* Z1VC.swift */,
				CE167C71245DB48E0020352E /* Z2VC.swift */,
			);
			path = C;
			sourceTree = "<group>";
		};
/* End PBXGroup section */

/* Begin PBXNativeTarget section */
		CE36917D245D0AC100817546 /* UIScrollView50220 */ = {
			isa = PBXNativeTarget;
			buildConfigurationList = CE369192245D0AC300817546 /* Build configuration list for PBXNativeTarget "UIScrollView50220" */;
			buildPhases = (
				CE36917A245D0AC100817546 /* Sources */,
				CE36917B245D0AC100817546 /* Frameworks */,
				CE36917C245D0AC100817546 /* Resources */,
			);
			buildRules = (
			);
			dependencies = (
			);
			name = UIScrollView50220;
			productName = UIScrollView50220;
			productReference = CE36917E245D0AC100817546 /* UIScrollView50220.app */;
			productType = "com.apple.product-type.application";
		};
/* End PBXNativeTarget section */

/* Begin PBXProject section */
		CE369176245D0AC100817546 /* Project object */ = {
			isa = PBXProject;
			attributes = {
				LastSwiftUpdateCheck = 1140;
				LastUpgradeCheck = 1140;
				ORGANIZATIONNAME = leslie;
				TargetAttributes = {
					CE36917D245D0AC100817546 = {
						CreatedOnToolsVersion = 11.4.1;
					};
				};
			};
			buildConfigurationList = CE369179245D0AC100817546 /* Build configuration list for PBXProject "UIScrollView50220" */;
			compatibilityVersion = "Xcode 9.3";
			developmentRegion = en;
			hasScannedForEncodings = 0;
			knownRegions = (
				en,
				Base,
			);
			mainGroup = CE369175245D0AC100817546;
			productRefGroup = CE36917F245D0AC100817546 /* Products */;
			projectDirPath = "";
			projectRoot = "";
			targets = (
				CE36917D245D0AC100817546 /* UIScrollView50220 */,
			);
		};
/* End PBXProject section */

/* Begin PBXResourcesBuildPhase section */
		CE36917C245D0AC100817546 /* Resources */ = {
			isa = PBXResourcesBuildPhase;
			buildActionMask = 2147483647;
			files = (
				CE36918E245D0AC300817546 /* LaunchScreen.storyboard in Resources */,
				CE36918B245D0AC300817546 /* Assets.xcassets in Resources */,
				CE369189245D0AC200817546 /* Main.storyboard in Resources */,
			);
			runOnlyForDeploymentPostprocessing = 0;
		};
/* End PBXResourcesBuildPhase section */

/* Begin PBXSourcesBuildPhase section */
		CE36917A245D0AC100817546 /* Sources */ = {
			isa = PBXSourcesBuildPhase;
			buildActionMask = 2147483647;
			files = (
				CE369186245D0AC100817546 /* S1VC.swift in Sources */,
				CE369182245D0AC100817546 /* AppDelegate.swift in Sources */,
				CE167C72245DB48E0020352E /* Z2VC.swift in Sources */,
				CE369184245D0AC100817546 /* SceneDelegate.swift in Sources */,
				CE167C70245DA9C60020352E /* Z1VC.swift in Sources */,
				CE369196245D11BC00817546 /* S2VC.swift in Sources */,
			);
			runOnlyForDeploymentPostprocessing = 0;
		};
/* End PBXSourcesBuildPhase section */

/* Begin PBXVariantGroup section */
		CE369187245D0AC200817546 /* Main.storyboard */ = {
			isa = PBXVariantGroup;
			children = (
				CE369188245D0AC200817546 /* Base */,
			);
			name = Main.storyboard;
			sourceTree = "<group>";
		};
		CE36918C245D0AC300817546 /* LaunchScreen.storyboard */ = {
			isa = PBXVariantGroup;
			children = (
				CE36918D245D0AC300817546 /* Base */,
			);
			name = LaunchScreen.storyboard;
			sourceTree = "<group>";
		};
/* End PBXVariantGroup section */

/* Begin XCBuildConfiguration section */
		CE369190245D0AC300817546 /* Debug */ = {
			isa = XCBuildConfiguration;
			buildSettings = {
				ALWAYS_SEARCH_USER_PATHS = NO;
				CLANG_ANALYZER_NONNULL = YES;
				CLANG_ANALYZER_NUMBER_OBJECT_CONVERSION = YES_AGGRESSIVE;
				CLANG_CXX_LANGUAGE_STANDARD = "gnu++14";
				CLANG_CXX_LIBRARY = "libc++";
				CLANG_ENABLE_MODULES = YES;
				CLANG_ENABLE_OBJC_ARC = YES;
				CLANG_ENABLE_OBJC_WEAK = YES;
				CLANG_WARN_BLOCK_CAPTURE_AUTORELEASING = YES;
				CLANG_WARN_BOOL_CONVERSION = YES;
				CLANG_WARN_COMMA = YES;
				CLANG_WARN_CONSTANT_CONVERSION = YES;
				CLANG_WARN_DEPRECATED_OBJC_IMPLEMENTATIONS = YES;
				CLANG_WARN_DIRECT_OBJC_ISA_USAGE = YES_ERROR;
				CLANG_WARN_DOCUMENTATION_COMMENTS = YES;
				CLANG_WARN_EMPTY_BODY = YES;
				CLANG_WARN_ENUM_CONVERSION = YES;
				CLANG_WARN_INFINITE_RECURSION = YES;
				CLANG_WARN_INT_CONVERSION = YES;
				CLANG_WARN_NON_LITERAL_NULL_CONVERSION = YES;
				CLANG_WARN_OBJC_IMPLICIT_RETAIN_SELF = YES;
				CLANG_WARN_OBJC_LITERAL_CONVERSION = YES;
				CLANG_WARN_OBJC_ROOT_CLASS = YES_ERROR;
				CLANG_WARN_RANGE_LOOP_ANALYSIS = YES;
				CLANG_WARN_STRICT_PROTOTYPES = YES;
				CLANG_WARN_SUSPICIOUS_MOVE = YES;
				CLANG_WARN_UNGUARDED_AVAILABILITY = YES_AGGRESSIVE;
				CLANG_WARN_UNREACHABLE_CODE = YES;
				CLANG_WARN__DUPLICATE_METHOD_MATCH = YES;
				COPY_PHASE_STRIP = NO;
				DEBUG_INFORMATION_FORMAT = dwarf;
				ENABLE_STRICT_OBJC_MSGSEND = YES;
				ENABLE_TESTABILITY = YES;
				GCC_C_LANGUAGE_STANDARD = gnu11;
				GCC_DYNAMIC_NO_PIC = NO;
				GCC_NO_COMMON_BLOCKS = YES;
				GCC_OPTIMIZATION_LEVEL = 0;
				GCC_PREPROCESSOR_DEFINITIONS = (
					"DEBUG=1",
					"$(inherited)",
				);
				GCC_WARN_64_TO_32_BIT_CONVERSION = YES;
				GCC_WARN_ABOUT_RETURN_TYPE = YES_ERROR;
				GCC_WARN_UNDECLARED_SELECTOR = YES;
				GCC_WARN_UNINITIALIZED_AUTOS = YES_AGGRESSIVE;
				GCC_WARN_UNUSED_FUNCTION = YES;
				GCC_WARN_UNUSED_VARIABLE = YES;
				IPHONEOS_DEPLOYMENT_TARGET = 13.4;
				MTL_ENABLE_DEBUG_INFO = INCLUDE_SOURCE;
				MTL_FAST_MATH = YES;
				ONLY_ACTIVE_ARCH = YES;
				SDKROOT = iphoneos;
				SWIFT_ACTIVE_COMPILATION_CONDITIONS = DEBUG;
				SWIFT_OPTIMIZATION_LEVEL = "-Onone";
			};
			name = Debug;
		};
		CE369191245D0AC300817546 /* Release */ = {
			isa = XCBuildConfiguration;
			buildSettings = {
				ALWAYS_SEARCH_USER_PATHS = NO;
				CLANG_ANALYZER_NONNULL = YES;
				CLANG_ANALYZER_NUMBER_OBJECT_CONVERSION = YES_AGGRESSIVE;
				CLANG_CXX_LANGUAGE_STANDARD = "gnu++14";
				CLANG_CXX_LIBRARY = "libc++";
				CLANG_ENABLE_MODULES = YES;
				CLANG_ENABLE_OBJC_ARC = YES;
				CLANG_ENABLE_OBJC_WEAK = YES;
				CLANG_WARN_BLOCK_CAPTURE_AUTORELEASING = YES;
				CLANG_WARN_BOOL_CONVERSION = YES;
				CLANG_WARN_COMMA = YES;
				CLANG_WARN_CONSTANT_CONVERSION = YES;
				CLANG_WARN_DEPRECATED_OBJC_IMPLEMENTATIONS = YES;
				CLANG_WARN_DIRECT_OBJC_ISA_USAGE = YES_ERROR;
				CLANG_WARN_DOCUMENTATION_COMMENTS = YES;
				CLANG_WARN_EMPTY_BODY = YES;
				CLANG_WARN_ENUM_CONVERSION = YES;
				CLANG_WARN_INFINITE_RECURSION = YES;
				CLANG_WARN_INT_CONVERSION = YES;
				CLANG_WARN_NON_LITERAL_NULL_CONVERSION = YES;
				CLANG_WARN_OBJC_IMPLICIT_RETAIN_SELF = YES;
				CLANG_WARN_OBJC_LITERAL_CONVERSION = YES;
				CLANG_WARN_OBJC_ROOT_CLASS = YES_ERROR;
				CLANG_WARN_RANGE_LOOP_ANALYSIS = YES;
				CLANG_WARN_STRICT_PROTOTYPES = YES;
				CLANG_WARN_SUSPICIOUS_MOVE = YES;
				CLANG_WARN_UNGUARDED_AVAILABILITY = YES_AGGRESSIVE;
				CLANG_WARN_UNREACHABLE_CODE = YES;
				CLANG_WARN__DUPLICATE_METHOD_MATCH = YES;
				COPY_PHASE_STRIP = NO;
				DEBUG_INFORMATION_FORMAT = "dwarf-with-dsym";
				ENABLE_NS_ASSERTIONS = NO;
				ENABLE_STRICT_OBJC_MSGSEND = YES;
				GCC_C_LANGUAGE_STANDARD = gnu11;
				GCC_NO_COMMON_BLOCKS = YES;
				GCC_WARN_64_TO_32_BIT_CONVERSION = YES;
				GCC_WARN_ABOUT_RETURN_TYPE = YES_ERROR;
				GCC_WARN_UNDECLARED_SELECTOR = YES;
				GCC_WARN_UNINITIALIZED_AUTOS = YES_AGGRESSIVE;
				GCC_WARN_UNUSED_FUNCTION = YES;
				GCC_WARN_UNUSED_VARIABLE = YES;
				IPHONEOS_DEPLOYMENT_TARGET = 13.4;
				MTL_ENABLE_DEBUG_INFO = NO;
				MTL_FAST_MATH = YES;
				SDKROOT = iphoneos;
				SWIFT_COMPILATION_MODE = wholemodule;
				SWIFT_OPTIMIZATION_LEVEL = "-O";
				VALIDATE_PRODUCT = YES;
			};
			name = Release;
		};
		CE369193245D0AC300817546 /* Debug */ = {
			isa = XCBuildConfiguration;
			buildSettings = {
				ASSETCATALOG_COMPILER_APPICON_NAME = AppIcon;
				CODE_SIGN_STYLE = Automatic;
				DEVELOPMENT_TEAM = PDY29GF949;
				INFOPLIST_FILE = UIScrollView50220/Info.plist;
				IPHONEOS_DEPLOYMENT_TARGET = 13.4;
				LD_RUNPATH_SEARCH_PATHS = (
					"$(inherited)",
					"@executable_path/Frameworks",
				);
				PRODUCT_BUNDLE_IDENTIFIER = com.gmail.appl.leslie.UIScrollView50220;
				PRODUCT_NAME = "$(TARGET_NAME)";
				SWIFT_VERSION = 5.0;
				TARGETED_DEVICE_FAMILY = 1;
			};
			name = Debug;
		};
		CE369194245D0AC300817546 /* Release */ = {
			isa = XCBuildConfiguration;
			buildSettings = {
				ASSETCATALOG_COMPILER_APPICON_NAME = AppIcon;
				CODE_SIGN_STYLE = Automatic;
				DEVELOPMENT_TEAM = PDY29GF949;
				INFOPLIST_FILE = UIScrollView50220/Info.plist;
				IPHONEOS_DEPLOYMENT_TARGET = 13.4;
				LD_RUNPATH_SEARCH_PATHS = (
					"$(inherited)",
					"@executable_path/Frameworks",
				);
				PRODUCT_BUNDLE_IDENTIFIER = com.gmail.appl.leslie.UIScrollView50220;
				PRODUCT_NAME = "$(TARGET_NAME)";
				SWIFT_VERSION = 5.0;
				TARGETED_DEVICE_FAMILY = 1;
			};
			name = Release;
		};
/* End XCBuildConfiguration section */

/* Begin XCConfigurationList section */
		CE369179245D0AC100817546 /* Build configuration list for PBXProject "UIScrollView50220" */ = {
			isa = XCConfigurationList;
			buildConfigurations = (
				CE369190245D0AC300817546 /* Debug */,
				CE369191245D0AC300817546 /* Release */,
			);
			defaultConfigurationIsVisible = 0;
			defaultConfigurationName = Release;
		};
		CE369192245D0AC300817546 /* Build configuration list for PBXNativeTarget "UIScrollView50220" */ = {
			isa = XCConfigurationList;
			buildConfigurations = (
				CE369193245D0AC300817546 /* Debug */,
				CE369194245D0AC300817546 /* Release */,
			);
			defaultConfigurationIsVisible = 0;
			defaultConfigurationName = Release;
		};
/* End XCConfigurationList section */
	};
	rootObject = CE369176245D0AC100817546 /* Project object */;
}
